
Microsoft Visual Studio Solution File, Format Version 12.00
# Visual Studio Version 17
VisualStudioVersion = 17.12.35728.132
MinimumVisualStudioVersion = 10.0.40219.1
Project("{FAE04EC0-301F-11D3-BF4B-00C04F79EFBC}") = "EShopLite.MVC", "EShopLite.MVC\EShopLite.MVC.csproj", "{06544F79-516C-43A1-9FB0-2001E4D0AA7E}"
EndProject
Project("{FAE04EC0-301F-11D3-BF4B-00C04F79EFBC}") = "EShopLite.Domain", "EShopLite.Domain\EShopLite.Domain.csproj", "{46F0AA3B-8BED-4CEE-8F20-143E52365FBF}"
EndProject
Project("{FAE04EC0-301F-11D3-BF4B-00C04F79EFBC}") = "EShopLite.Application", "EShopLite.Application\EShopLite.Application.csproj", "{774477DA-E8DE-4E0C-A86D-A3D6AB5D8D1D}"
EndProject
Project("{FAE04EC0-301F-11D3-BF4B-00C04F79EFBC}") = "EShopLite.Infrastructure", "EShopLite.Infrastructure\EShopLite.Infrastructure.csproj", "{1BDCD11C-4FC1-425F-972C-8B13FEDB8D25}"
EndProject
Project("{FAE04EC0-301F-11D3-BF4B-00C04F79EFBC}") = "EshopLite.API", "EshopLite.API\EshopLite.API.csproj", "{60F4B9A4-EE9D-4B3A-B547-54BEAB0FCBF8}"
EndProject
Project("{FAE04EC0-301F-11D3-BF4B-00C04F79EFBC}") = "EShopLite.MinimalAPI", "EShopLite.MinimalAPI\EShopLite.MinimalAPI.csproj", "{BCD37D66-EEFC-40C1-8A2F-20F77455D11C}"
EndProject
Global
	GlobalSection(SolutionConfigurationPlatforms) = preSolution
		Debug|Any CPU = Debug|Any CPU
		Release|Any CPU = Release|Any CPU
	EndGlobalSection
	GlobalSection(ProjectConfigurationPlatforms) = postSolution
		{06544F79-516C-43A1-9FB0-2001E4D0AA7E}.Debug|Any CPU.ActiveCfg = Debug|Any CPU
		{06544F79-516C-43A1-9FB0-2001E4D0AA7E}.Debug|Any CPU.Build.0 = Debug|Any CPU
		{06544F79-516C-43A1-9FB0-2001E4D0AA7E}.Release|Any CPU.ActiveCfg = Release|Any CPU
		{06544F79-516C-43A1-9FB0-2001E4D0AA7E}.Release|Any CPU.Build.0 = Release|Any CPU
		{46F0AA3B-8BED-4CEE-8F20-143E52365FBF}.Debug|Any CPU.ActiveCfg = Debug|Any CPU
		{46F0AA3B-8BED-4CEE-8F20-143E52365FBF}.Debug|Any CPU.Build.0 = Debug|Any CPU
		{46F0AA3B-8BED-4CEE-8F20-143E52365FBF}.Release|Any CPU.ActiveCfg = Release|Any CPU
		{46F0AA3B-8BED-4CEE-8F20-143E52365FBF}.Release|Any CPU.Build.0 = Release|Any CPU
		{774477DA-E8DE-4E0C-A86D-A3D6AB5D8D1D}.Debug|Any CPU.ActiveCfg = Debug|Any CPU
		{774477DA-E8DE-4E0C-A86D-A3D6AB5D8D1D}.Debug|Any CPU.Build.0 = Debug|Any CPU
		{774477DA-E8DE-4E0C-A86D-A3D6AB5D8D1D}.Release|Any CPU.ActiveCfg = Release|Any CPU
		{774477DA-E8DE-4E0C-A86D-A3D6AB5D8D1D}.Release|Any CPU.Build.0 = Release|Any CPU
		{1BDCD11C-4FC1-425F-972C-8B13FEDB8D25}.Debug|Any CPU.ActiveCfg = Debug|Any CPU
		{1BDCD11C-4FC1-425F-972C-8B13FEDB8D25}.Debug|Any CPU.Build.0 = Debug|Any CPU
		{1BDCD11C-4FC1-425F-972C-8B13FEDB8D25}.Release|Any CPU.ActiveCfg = Release|Any CPU
		{1BDCD11C-4FC1-425F-972C-8B13FEDB8D25}.Release|Any CPU.Build.0 = Release|Any CPU
		{60F4B9A4-EE9D-4B3A-B547-54BEAB0FCBF8}.Debug|Any CPU.ActiveCfg = Debug|Any CPU
		{60F4B9A4-EE9D-4B3A-B547-54BEAB0FCBF8}.Debug|Any CPU.Build.0 = Debug|Any CPU
		{60F4B9A4-EE9D-4B3A-B547-54BEAB0FCBF8}.Release|Any CPU.ActiveCfg = Release|Any CPU
		{60F4B9A4-EE9D-4B3A-B547-54BEAB0FCBF8}.Release|Any CPU.Build.0 = Release|Any CPU
		{BCD37D66-EEFC-40C1-8A2F-20F77455D11C}.Debug|Any CPU.ActiveCfg = Debug|Any CPU
		{BCD37D66-EEFC-40C1-8A2F-20F77455D11C}.Debug|Any CPU.Build.0 = Debug|Any CPU
		{BCD37D66-EEFC-40C1-8A2F-20F77455D11C}.Release|Any CPU.ActiveCfg = Release|Any CPU
		{BCD37D66-EEFC-40C1-8A2F-20F77455D11C}.Release|Any CPU.Build.0 = Release|Any CPU
	EndGlobalSection
	GlobalSection(SolutionProperties) = preSolution
		HideSolutionNode = FALSE
	EndGlobalSection
EndGlobal
